{
  "name": "onefatfile",
  "version": "1.0.0",
  "lockfileVersion": 2,
  "requires": true,
  "packages": {
    "": {
      "name": "onefatfile",
      "version": "1.0.0",
      "license": "ISC",
      "dependencies": {
        "@sturdynut/i18n-phone-formatter": "^0.0.6",
        "dotenv": "^16.0.3"
      }
    },
    "node_modules/@sturdynut/i18n-phone-formatter": {
      "version": "0.0.6",
      "resolved": "https://registry.npmjs.org/@sturdynut/i18n-phone-formatter/-/i18n-phone-formatter-0.0.6.tgz",
      "integrity": "sha512-Aq/3uKYRbs9yFZYyxmbezkAIuACgshl379MHhUljTmdkZL6XhEKhlYHyqraciW11g6UE7BCfW4ovGmmSZjHxkA==",
      "dependencies": {
        "@sturdynut/i18n-phone-lib": "^0.0.8"
      },
      "peerDependencies": {
        "@sturdynut/i18n-phone-lib": "^0.0.8"
      }
    },
    "node_modules/@sturdynut/i18n-phone-lib": {
      "version": "0.0.8",
      "resolved": "https://registry.npmjs.org/@sturdynut/i18n-phone-lib/-/i18n-phone-lib-0.0.8.tgz",
      "integrity": "sha512-ChjCEttr2ZkCe2IhzZZcwEfmoJQ6sp0VgRCIXhzMO3Ud7nK7JwsaK1fbC6Pd0SWM+K6sxfXeEPkvzdaOuN54jQ=="
    },
    "node_modules/dotenv": {
      "version": "16.0.3",
      "resolved": "https://registry.npmjs.org/dotenv/-/dotenv-16.0.3.tgz",
      "integrity": "sha512-7GO6HghkA5fYG9TYnNxi14/7K9f5occMlp3zXAuSxn7CKCxt9xbNWG7yF8hTCSUchlfWSe3uLmlPfigevRItzQ==",
      "engines": {
        "node": ">=12"
      }
    }
  },
  "dependencies": {
    "@sturdynut/i18n-phone-formatter": {
      "version": "0.0.6",
      "resolved": "https://registry.npmjs.org/@sturdynut/i18n-phone-formatter/-/i18n-phone-formatter-0.0.6.tgz",
      "integrity": "sha512-Aq/3uKYRbs9yFZYyxmbezkAIuACgshl379MHhUljTmdkZL6XhEKhlYHyqraciW11g6UE7BCfW4ovGmmSZjHxkA==",
      "requires": {
        "@sturdynut/i18n-phone-lib": "^0.0.8"
      }
    },
    "@sturdynut/i18n-phone-lib": {
      "version": "0.0.8",
      "resolved": "https://registry.npmjs.org/@sturdynut/i18n-phone-lib/-/i18n-phone-lib-0.0.8.tgz",
      "integrity": "sha512-ChjCEttr2ZkCe2IhzZZcwEfmoJQ6sp0VgRCIXhzMO3Ud7nK7JwsaK1fbC6Pd0SWM+K6sxfXeEPkvzdaOuN54jQ=="
    },
    "dotenv": {
      "version": "16.0.3",
      "resolved": "https://registry.npmjs.org/dotenv/-/dotenv-16.0.3.tgz",
      "integrity": "sha512-7GO6HghkA5fYG9TYnNxi14/7K9f5occMlp3zXAuSxn7CKCxt9xbNWG7yF8hTCSUchlfWSe3uLmlPfigevRItzQ=="
    }
  }
}
