{
  "name": "get-phone-number-infos",
  "version": "1.0.0",
  "lockfileVersion": 2,
  "requires": true,
  "packages": {
    "": {
      "name": "get-phone-number-infos",
      "version": "1.0.0",
      "license": "ISC",
      "dependencies": {
        "phone": "^3.1.36"
      }
    },
    "node_modules/phone": {
      "version": "3.1.36",
      "resolved": "https://registry.npmjs.org/phone/-/phone-3.1.36.tgz",
      "integrity": "sha512-yid6JAIWhXxfrUFyA5Q+xZpWMnBGuZllf2UYsk5WamnQP1tpl6/Lv2hCzaQy+FJKPJryh3dL/cl/brmnpyLYpA==",
      "engines": {
        "node": ">=12"
      }
    }
  },
  "dependencies": {
    "phone": {
      "version": "3.1.36",
      "resolved": "https://registry.npmjs.org/phone/-/phone-3.1.36.tgz",
      "integrity": "sha512-yid6JAIWhXxfrUFyA5Q+xZpWMnBGuZllf2UYsk5WamnQP1tpl6/Lv2hCzaQy+FJKPJryh3dL/cl/brmnpyLYpA=="
    }
  }
}
